// !$*UTF8*$!
{
	archiveVersion = 1;
	classes = {
	};
	objectVersion = 77;
	objects = {

/* Begin PBXBuildFile section */
		05E8DCB1DDA4649A58AC558E /* RetakeDecision.swift in Sources */ = {isa = PBXBuildFile; fileRef = 7752C98F1E47175235EBD655 /* RetakeDecision.swift */; };
		0C13BB79E4152E237862DE9B /* DropZoneView.swift in Sources */ = {isa = PBXBuildFile; fileRef = D4C1F56CACF123D035D87885 /* DropZoneView.swift */; };
		2EB522D90A5F502AD6AA701A /* SettingsView.swift in Sources */ = {isa = PBXBuildFile; fileRef = 5A75D4F53BB554359F277AE5 /* SettingsView.swift */; };
		2FB9AD7B43DB7C01736A5E41 /* RenderProgressView.swift in Sources */ = {isa = PBXBuildFile; fileRef = B47C967E3544951CD30DE48C /* RenderProgressView.swift */; };
		2FC4F33DC7145CBDD78B68C3 /* PipelineRunningView.swift in Sources */ = {isa = PBXBuildFile; fileRef = CFF86949977C08C95E4A47D8 /* PipelineRunningView.swift */; };
		37716431DE057787469FDCF1 /* RetakeReviewView.swift in Sources */ = {isa = PBXBuildFile; fileRef = 8BC05C466C65A6998A026B85 /* RetakeReviewView.swift */; };
		5E8AF3036A0F3BC9BC2F21F0 /* SidecarClient.swift in Sources */ = {isa = PBXBuildFile; fileRef = D126857A802004179B6F536B /* SidecarClient.swift */; };
		5F298894914D2EE8B2586965 /* Assets.xcassets in Resources */ = {isa = PBXBuildFile; fileRef = 9E18683F0A838AC7A41E2670 /* Assets.xcassets */; };
		6A6EE02D359544A9A0A8C8FA /* ContentView.swift in Sources */ = {isa = PBXBuildFile; fileRef = 136DE876CC6D55F5E36CB27E /* ContentView.swift */; };
		7738C542A60DFF93D68CCC5E /* StepperView.swift in Sources */ = {isa = PBXBuildFile; fileRef = 3C67A6E8E35B5E56565F0380 /* StepperView.swift */; };
		7989E2A288206C19942015D5 /* SmartCutApp.swift in Sources */ = {isa = PBXBuildFile; fileRef = 5F8CC15A6C58EBE068391ECC /* SmartCutApp.swift */; };
		8BF17833535746D3E2CE937A /* StatusPanelView.swift in Sources */ = {isa = PBXBuildFile; fileRef = 1DF36BBE15CC86B8D2F49BE8 /* StatusPanelView.swift */; };
		907E792F3A55F0CE97CD1A54 /* SidecarConfig.swift in Sources */ = {isa = PBXBuildFile; fileRef = 6B382CA30BFAE727C86B125F /* SidecarConfig.swift */; };
		9F284730B700FA70BF170406 /* RetakeCardView.swift in Sources */ = {isa = PBXBuildFile; fileRef = C368E6771004B5B50DE5ECF0 /* RetakeCardView.swift */; };
		BE7335EDAFBA516903D2FBA5 /* DoneView.swift in Sources */ = {isa = PBXBuildFile; fileRef = C86C4064CAD8EF29767A6300 /* DoneView.swift */; };
		C5163B5DF93391F99DEAAE35 /* PipelineEvent.swift in Sources */ = {isa = PBXBuildFile; fileRef = 2673DFA94CEA52C0B8BFA6FA /* PipelineEvent.swift */; };
		CF20AD1CB0342BD667129E7F /* Formatters.swift in Sources */ = {isa = PBXBuildFile; fileRef = 7946DB038E18ECFB0243C6AE /* Formatters.swift */; };
		FEDF877023DD7B0F373BFD0A /* AppState.swift in Sources */ = {isa = PBXBuildFile; fileRef = 8772A3944453991B0DEE70B8 /* AppState.swift */; };
/* End PBXBuildFile section */

/* Begin PBXFileReference section */
		136DE876CC6D55F5E36CB27E /* ContentView.swift */ = {isa = PBXFileReference; lastKnownFileType = sourcecode.swift; path = ContentView.swift; sourceTree = "<group>"; };
		1DF36BBE15CC86B8D2F49BE8 /* StatusPanelView.swift */ = {isa = PBXFileReference; lastKnownFileType = sourcecode.swift; path = StatusPanelView.swift; sourceTree = "<group>"; };
		2673DFA94CEA52C0B8BFA6FA /* PipelineEvent.swift */ = {isa = PBXFileReference; lastKnownFileType = sourcecode.swift; path = PipelineEvent.swift; sourceTree = "<group>"; };
		3C67A6E8E35B5E56565F0380 /* StepperView.swift */ = {isa = PBXFileReference; lastKnownFileType = sourcecode.swift; path = StepperView.swift; sourceTree = "<group>"; };
		4EF26F4473E5E9C989FDBA2E /* SmartCut.app */ = {isa = PBXFileReference; explicitFileType = wrapper.application; includeInIndex = 0; path = SmartCut.app; sourceTree = BUILT_PRODUCTS_DIR; };
		5A75D4F53BB554359F277AE5 /* SettingsView.swift */ = {isa = PBXFileReference; lastKnownFileType = sourcecode.swift; path = SettingsView.swift; sourceTree = "<group>"; };
		5F8CC15A6C58EBE068391ECC /* SmartCutApp.swift */ = {isa = PBXFileReference; lastKnownFileType = sourcecode.swift; path = SmartCutApp.swift; sourceTree = "<group>"; };
		6B382CA30BFAE727C86B125F /* SidecarConfig.swift */ = {isa = PBXFileReference; lastKnownFileType = sourcecode.swift; path = SidecarConfig.swift; sourceTree = "<group>"; };
		7752C98F1E47175235EBD655 /* RetakeDecision.swift */ = {isa = PBXFileReference; lastKnownFileType = sourcecode.swift; path = RetakeDecision.swift; sourceTree = "<group>"; };
		7946DB038E18ECFB0243C6AE /* Formatters.swift */ = {isa = PBXFileReference; lastKnownFileType = sourcecode.swift; path = Formatters.swift; sourceTree = "<group>"; };
		8772A3944453991B0DEE70B8 /* AppState.swift */ = {isa = PBXFileReference; lastKnownFileType = sourcecode.swift; path = AppState.swift; sourceTree = "<group>"; };
		8BC05C466C65A6998A026B85 /* RetakeReviewView.swift */ = {isa = PBXFileReference; lastKnownFileType = sourcecode.swift; path = RetakeReviewView.swift; sourceTree = "<group>"; };
		9E18683F0A838AC7A41E2670 /* Assets.xcassets */ = {isa = PBXFileReference; lastKnownFileType = folder.assetcatalog; path = Assets.xcassets; sourceTree = "<group>"; };
		B47C967E3544951CD30DE48C /* RenderProgressView.swift */ = {isa = PBXFileReference; lastKnownFileType = sourcecode.swift; path = RenderProgressView.swift; sourceTree = "<group>"; };
		C368E6771004B5B50DE5ECF0 /* RetakeCardView.swift */ = {isa = PBXFileReference; lastKnownFileType = sourcecode.swift; path = RetakeCardView.swift; sourceTree = "<group>"; };
		C86C4064CAD8EF29767A6300 /* DoneView.swift */ = {isa = PBXFileReference; lastKnownFileType = sourcecode.swift; path = DoneView.swift; sourceTree = "<group>"; };
		CFF86949977C08C95E4A47D8 /* PipelineRunningView.swift */ = {isa = PBXFileReference; lastKnownFileType = sourcecode.swift; path = PipelineRunningView.swift; sourceTree = "<group>"; };
		D126857A802004179B6F536B /* SidecarClient.swift */ = {isa = PBXFileReference; lastKnownFileType = sourcecode.swift; path = SidecarClient.swift; sourceTree = "<group>"; };
		D4C1F56CACF123D035D87885 /* DropZoneView.swift */ = {isa = PBXFileReference; lastKnownFileType = sourcecode.swift; path = DropZoneView.swift; sourceTree = "<group>"; };
/* End PBXFileReference section */

/* Begin PBXGroup section */
		0BB47474E04F99383D38AECF /* Products */ = {
			isa = PBXGroup;
			children = (
				4EF26F4473E5E9C989FDBA2E /* SmartCut.app */,
			);
			name = Products;
			sourceTree = "<group>";
		};
		3614DE194F77C79BF054A744 = {
			isa = PBXGroup;
			children = (
				5153FC5B14DD5F4EE52E32F1 /* SmartCut */,
				0BB47474E04F99383D38AECF /* Products */,
			);
			sourceTree = "<group>";
		};
		5153FC5B14DD5F4EE52E32F1 /* SmartCut */ = {
			isa = PBXGroup;
			children = (
				D371C16412CC7D23732ADC1E /* Pipeline */,
				B535E0C984BA34DF7783BA7D /* State */,
				F32C68725DF64C7B18214AB0 /* Util */,
				8DF56C041FC26F5F17A46DB0 /* Views */,
				9E18683F0A838AC7A41E2670 /* Assets.xcassets */,
				5F8CC15A6C58EBE068391ECC /* SmartCutApp.swift */,
			);
			path = SmartCut;
			sourceTree = "<group>";
		};
		7EFE32C091DFFD7589726D1B /* Sidebar */ = {
			isa = PBXGroup;
			children = (
				1DF36BBE15CC86B8D2F49BE8 /* StatusPanelView.swift */,
				3C67A6E8E35B5E56565F0380 /* StepperView.swift */,
			);
			path = Sidebar;
			sourceTree = "<group>";
		};
		8DF56C041FC26F5F17A46DB0 /* Views */ = {
			isa = PBXGroup;
			children = (
				7EFE32C091DFFD7589726D1B /* Sidebar */,
				136DE876CC6D55F5E36CB27E /* ContentView.swift */,
				C86C4064CAD8EF29767A6300 /* DoneView.swift */,
				D4C1F56CACF123D035D87885 /* DropZoneView.swift */,
				CFF86949977C08C95E4A47D8 /* PipelineRunningView.swift */,
				B47C967E3544951CD30DE48C /* RenderProgressView.swift */,
				C368E6771004B5B50DE5ECF0 /* RetakeCardView.swift */,
				8BC05C466C65A6998A026B85 /* RetakeReviewView.swift */,
				5A75D4F53BB554359F277AE5 /* SettingsView.swift */,
			);
			path = Views;
			sourceTree = "<group>";
		};
		B535E0C984BA34DF7783BA7D /* State */ = {
			isa = PBXGroup;
			children = (
				8772A3944453991B0DEE70B8 /* AppState.swift */,
			);
			path = State;
			sourceTree = "<group>";
		};
		D371C16412CC7D23732ADC1E /* Pipeline */ = {
			isa = PBXGroup;
			children = (
				2673DFA94CEA52C0B8BFA6FA /* PipelineEvent.swift */,
				7752C98F1E47175235EBD655 /* RetakeDecision.swift */,
				D126857A802004179B6F536B /* SidecarClient.swift */,
				6B382CA30BFAE727C86B125F /* SidecarConfig.swift */,
			);
			path = Pipeline;
			sourceTree = "<group>";
		};
		F32C68725DF64C7B18214AB0 /* Util */ = {
			isa = PBXGroup;
			children = (
				7946DB038E18ECFB0243C6AE /* Formatters.swift */,
			);
			path = Util;
			sourceTree = "<group>";
		};
/* End PBXGroup section */

/* Begin PBXNativeTarget section */
		207C552C81A3FEECAF19B590 /* SmartCut */ = {
			isa = PBXNativeTarget;
			buildConfigurationList = 9497004C36281998C7BE9588 /* Build configuration list for PBXNativeTarget "SmartCut" */;
			buildPhases = (
				4A4292379FC08A53A5E844C5 /* Sources */,
				CB05FFAC5853D50BAB136A3C /* Resources */,
			);
			buildRules = (
			);
			dependencies = (
			);
			name = SmartCut;
			packageProductDependencies = (
			);
			productName = SmartCut;
			productReference = 4EF26F4473E5E9C989FDBA2E /* SmartCut.app */;
			productType = "com.apple.product-type.application";
		};
/* End PBXNativeTarget section */

/* Begin PBXProject section */
		CAAC94E3732A6AAF04FEB38C /* Project object */ = {
			isa = PBXProject;
			attributes = {
				BuildIndependentTargetsInParallel = YES;
				LastUpgradeCheck = 1430;
				TargetAttributes = {
					207C552C81A3FEECAF19B590 = {
						DevelopmentTeam = "";
						ProvisioningStyle = Automatic;
					};
				};
			};
			buildConfigurationList = 13057A72335E9CE120C93DF7 /* Build configuration list for PBXProject "SmartCut" */;
			developmentRegion = en;
			hasScannedForEncodings = 0;
			knownRegions = (
				Base,
				en,
			);
			mainGroup = 3614DE194F77C79BF054A744;
			minimizedProjectReferenceProxies = 1;
			preferredProjectObjectVersion = 77;
			productRefGroup = 0BB47474E04F99383D38AECF /* Products */;
			projectDirPath = "";
			projectRoot = "";
			targets = (
				207C552C81A3FEECAF19B590 /* SmartCut */,
			);
		};
/* End PBXProject section */

/* Begin PBXResourcesBuildPhase section */
		CB05FFAC5853D50BAB136A3C /* Resources */ = {
			isa = PBXResourcesBuildPhase;
			buildActionMask = 2147483647;
			files = (
				5F298894914D2EE8B2586965 /* Assets.xcassets in Resources */,
			);
			runOnlyForDeploymentPostprocessing = 0;
		};
/* End PBXResourcesBuildPhase section */

/* Begin PBXSourcesBuildPhase section */
		4A4292379FC08A53A5E844C5 /* Sources */ = {
			isa = PBXSourcesBuildPhase;
			buildActionMask = 2147483647;
			files = (
				FEDF877023DD7B0F373BFD0A /* AppState.swift in Sources */,
				6A6EE02D359544A9A0A8C8FA /* ContentView.swift in Sources */,
				BE7335EDAFBA516903D2FBA5 /* DoneView.swift in Sources */,
				0C13BB79E4152E237862DE9B /* DropZoneView.swift in Sources */,
				CF20AD1CB0342BD667129E7F /* Formatters.swift in Sources */,
				C5163B5DF93391F99DEAAE35 /* PipelineEvent.swift in Sources */,
				2FC4F33DC7145CBDD78B68C3 /* PipelineRunningView.swift in Sources */,
				2FB9AD7B43DB7C01736A5E41 /* RenderProgressView.swift in Sources */,
				9F284730B700FA70BF170406 /* RetakeCardView.swift in Sources */,
				05E8DCB1DDA4649A58AC558E /* RetakeDecision.swift in Sources */,
				37716431DE057787469FDCF1 /* RetakeReviewView.swift in Sources */,
				2EB522D90A5F502AD6AA701A /* SettingsView.swift in Sources */,
				5E8AF3036A0F3BC9BC2F21F0 /* SidecarClient.swift in Sources */,
				907E792F3A55F0CE97CD1A54 /* SidecarConfig.swift in Sources */,
				7989E2A288206C19942015D5 /* SmartCutApp.swift in Sources */,
				8BF17833535746D3E2CE937A /* StatusPanelView.swift in Sources */,
				7738C542A60DFF93D68CCC5E /* StepperView.swift in Sources */,
			);
			runOnlyForDeploymentPostprocessing = 0;
		};
/* End PBXSourcesBuildPhase section */

/* Begin XCBuildConfiguration section */
		031379B83F7AEBAA1FCFE672 /* Release */ = {
			isa = XCBuildConfiguration;
			buildSettings = {
				ALWAYS_SEARCH_USER_PATHS = NO;
				CLANG_ANALYZER_NONNULL = YES;
				CLANG_ANALYZER_NUMBER_OBJECT_CONVERSION = YES_AGGRESSIVE;
				CLANG_CXX_LANGUAGE_STANDARD = "gnu++14";
				CLANG_CXX_LIBRARY = "libc++";
				CLANG_ENABLE_MODULES = YES;
				CLANG_ENABLE_OBJC_ARC = YES;
				CLANG_ENABLE_OBJC_WEAK = YES;
				CLANG_WARN_BLOCK_CAPTURE_AUTORELEASING = YES;
				CLANG_WARN_BOOL_CONVERSION = YES;
				CLANG_WARN_COMMA = YES;
				CLANG_WARN_CONSTANT_CONVERSION = YES;
				CLANG_WARN_DEPRECATED_OBJC_IMPLEMENTATIONS = YES;
				CLANG_WARN_DIRECT_OBJC_ISA_USAGE = YES_ERROR;
				CLANG_WARN_DOCUMENTATION_COMMENTS = YES;
				CLANG_WARN_EMPTY_BODY = YES;
				CLANG_WARN_ENUM_CONVERSION = YES;
				CLANG_WARN_INFINITE_RECURSION = YES;
				CLANG_WARN_INT_CONVERSION = YES;
				CLANG_WARN_NON_LITERAL_NULL_CONVERSION = YES;
				CLANG_WARN_OBJC_IMPLICIT_RETAIN_SELF = YES;
				CLANG_WARN_OBJC_LITERAL_CONVERSION = YES;
				CLANG_WARN_OBJC_ROOT_CLASS = YES_ERROR;
				CLANG_WARN_QUOTED_INCLUDE_IN_FRAMEWORK_HEADER = YES;
				CLANG_WARN_RANGE_LOOP_ANALYSIS = YES;
				CLANG_WARN_STRICT_PROTOTYPES = YES;
				CLANG_WARN_SUSPICIOUS_MOVE = YES;
				CLANG_WARN_UNGUARDED_AVAILABILITY = YES_AGGRESSIVE;
				CLANG_WARN_UNREACHABLE_CODE = YES;
				CLANG_WARN__DUPLICATE_METHOD_MATCH = YES;
				CODE_SIGNING_ALLOWED = NO;
				CODE_SIGNING_REQUIRED = NO;
				CODE_SIGN_IDENTITY = "-";
				CODE_SIGN_STYLE = Automatic;
				COPY_PHASE_STRIP = NO;
				DEBUG_INFORMATION_FORMAT = "dwarf-with-dsym";
				ENABLE_HARDENED_RUNTIME = NO;
				ENABLE_NS_ASSERTIONS = NO;
				ENABLE_STRICT_OBJC_MSGSEND = YES;
				ENABLE_USER_SCRIPT_SANDBOXING = NO;
				GCC_C_LANGUAGE_STANDARD = gnu11;
				GCC_NO_COMMON_BLOCKS = YES;
				GCC_WARN_64_TO_32_BIT_CONVERSION = YES;
				GCC_WARN_ABOUT_RETURN_TYPE = YES_ERROR;
				GCC_WARN_UNDECLARED_SELECTOR = YES;
				GCC_WARN_UNINITIALIZED_AUTOS = YES_AGGRESSIVE;
				GCC_WARN_UNUSED_FUNCTION = YES;
				GCC_WARN_UNUSED_VARIABLE = YES;
				MACOSX_DEPLOYMENT_TARGET = 14.0;
				MTL_ENABLE_DEBUG_INFO = NO;
				MTL_FAST_MATH = YES;
				PRODUCT_NAME = "$(TARGET_NAME)";
				SDKROOT = macosx;
				SWIFT_COMPILATION_MODE = wholemodule;
				SWIFT_OPTIMIZATION_LEVEL = "-O";
				SWIFT_VERSION = 5.10;
			};
			name = Release;
		};
		3BCAB5B145AE8BFEC784CCBF /* Debug */ = {
			isa = XCBuildConfiguration;
			buildSettings = {
				ALWAYS_SEARCH_USER_PATHS = NO;
				CLANG_ANALYZER_NONNULL = YES;
				CLANG_ANALYZER_NUMBER_OBJECT_CONVERSION = YES_AGGRESSIVE;
				CLANG_CXX_LANGUAGE_STANDARD = "gnu++14";
				CLANG_CXX_LIBRARY = "libc++";
				CLANG_ENABLE_MODULES = YES;
				CLANG_ENABLE_OBJC_ARC = YES;
				CLANG_ENABLE_OBJC_WEAK = YES;
				CLANG_WARN_BLOCK_CAPTURE_AUTORELEASING = YES;
				CLANG_WARN_BOOL_CONVERSION = YES;
				CLANG_WARN_COMMA = YES;
				CLANG_WARN_CONSTANT_CONVERSION = YES;
				CLANG_WARN_DEPRECATED_OBJC_IMPLEMENTATIONS = YES;
				CLANG_WARN_DIRECT_OBJC_ISA_USAGE = YES_ERROR;
				CLANG_WARN_DOCUMENTATION_COMMENTS = YES;
				CLANG_WARN_EMPTY_BODY = YES;
				CLANG_WARN_ENUM_CONVERSION = YES;
				CLANG_WARN_INFINITE_RECURSION = YES;
				CLANG_WARN_INT_CONVERSION = YES;
				CLANG_WARN_NON_LITERAL_NULL_CONVERSION = YES;
				CLANG_WARN_OBJC_IMPLICIT_RETAIN_SELF = YES;
				CLANG_WARN_OBJC_LITERAL_CONVERSION = YES;
				CLANG_WARN_OBJC_ROOT_CLASS = YES_ERROR;
				CLANG_WARN_QUOTED_INCLUDE_IN_FRAMEWORK_HEADER = YES;
				CLANG_WARN_RANGE_LOOP_ANALYSIS = YES;
				CLANG_WARN_STRICT_PROTOTYPES = YES;
				CLANG_WARN_SUSPICIOUS_MOVE = YES;
				CLANG_WARN_UNGUARDED_AVAILABILITY = YES_AGGRESSIVE;
				CLANG_WARN_UNREACHABLE_CODE = YES;
				CLANG_WARN__DUPLICATE_METHOD_MATCH = YES;
				CODE_SIGNING_ALLOWED = NO;
				CODE_SIGNING_REQUIRED = NO;
				CODE_SIGN_IDENTITY = "-";
				CODE_SIGN_STYLE = Automatic;
				COPY_PHASE_STRIP = NO;
				DEBUG_INFORMATION_FORMAT = dwarf;
				ENABLE_HARDENED_RUNTIME = NO;
				ENABLE_STRICT_OBJC_MSGSEND = YES;
				ENABLE_TESTABILITY = YES;
				ENABLE_USER_SCRIPT_SANDBOXING = NO;
				GCC_C_LANGUAGE_STANDARD = gnu11;
				GCC_DYNAMIC_NO_PIC = NO;
				GCC_NO_COMMON_BLOCKS = YES;
				GCC_OPTIMIZATION_LEVEL = 0;
				GCC_PREPROCESSOR_DEFINITIONS = (
					"$(inherited)",
					"DEBUG=1",
				);
				GCC_WARN_64_TO_32_BIT_CONVERSION = YES;
				GCC_WARN_ABOUT_RETURN_TYPE = YES_ERROR;
				GCC_WARN_UNDECLARED_SELECTOR = YES;
				GCC_WARN_UNINITIALIZED_AUTOS = YES_AGGRESSIVE;
				GCC_WARN_UNUSED_FUNCTION = YES;
				GCC_WARN_UNUSED_VARIABLE = YES;
				MACOSX_DEPLOYMENT_TARGET = 14.0;
				MTL_ENABLE_DEBUG_INFO = INCLUDE_SOURCE;
				MTL_FAST_MATH = YES;
				ONLY_ACTIVE_ARCH = YES;
				PRODUCT_NAME = "$(TARGET_NAME)";
				SDKROOT = macosx;
				SWIFT_ACTIVE_COMPILATION_CONDITIONS = DEBUG;
				SWIFT_OPTIMIZATION_LEVEL = "-Onone";
				SWIFT_VERSION = 5.10;
			};
			name = Debug;
		};
		4199F06D1E8E9E4A2664E802 /* Debug */ = {
			isa = XCBuildConfiguration;
			buildSettings = {
				ASSETCATALOG_COMPILER_APPICON_NAME = AppIcon;
				ASSETCATALOG_COMPILER_GLOBAL_ACCENT_COLOR_NAME = AccentColor;
				CODE_SIGN_ENTITLEMENTS = SmartCut/SmartCut.entitlements;
				COMBINE_HIDPI_IMAGES = YES;
				DEVELOPMENT_TEAM = "";
				ENABLE_PREVIEWS = YES;
				GENERATE_INFOPLIST_FILE = NO;
				INFOPLIST_FILE = SmartCut/Info.plist;
				LD_RUNPATH_SEARCH_PATHS = (
					"$(inherited)",
					"@executable_path/../Frameworks",
				);
				MACOSX_DEPLOYMENT_TARGET = 14.0;
				PRODUCT_BUNDLE_IDENTIFIER = dev.jamesqquick.smartcut;
				SDKROOT = macosx;
			};
			name = Debug;
		};
		E431CDA06F21C85EF394D3E8 /* Release */ = {
			isa = XCBuildConfiguration;
			buildSettings = {
				ASSETCATALOG_COMPILER_APPICON_NAME = AppIcon;
				ASSETCATALOG_COMPILER_GLOBAL_ACCENT_COLOR_NAME = AccentColor;
				CODE_SIGN_ENTITLEMENTS = SmartCut/SmartCut.entitlements;
				COMBINE_HIDPI_IMAGES = YES;
				DEVELOPMENT_TEAM = "";
				ENABLE_PREVIEWS = YES;
				GENERATE_INFOPLIST_FILE = NO;
				INFOPLIST_FILE = SmartCut/Info.plist;
				LD_RUNPATH_SEARCH_PATHS = (
					"$(inherited)",
					"@executable_path/../Frameworks",
				);
				MACOSX_DEPLOYMENT_TARGET = 14.0;
				PRODUCT_BUNDLE_IDENTIFIER = dev.jamesqquick.smartcut;
				SDKROOT = macosx;
			};
			name = Release;
		};
/* End XCBuildConfiguration section */

/* Begin XCConfigurationList section */
		13057A72335E9CE120C93DF7 /* Build configuration list for PBXProject "SmartCut" */ = {
			isa = XCConfigurationList;
			buildConfigurations = (
				3BCAB5B145AE8BFEC784CCBF /* Debug */,
				031379B83F7AEBAA1FCFE672 /* Release */,
			);
			defaultConfigurationIsVisible = 0;
			defaultConfigurationName = Debug;
		};
		9497004C36281998C7BE9588 /* Build configuration list for PBXNativeTarget "SmartCut" */ = {
			isa = XCConfigurationList;
			buildConfigurations = (
				4199F06D1E8E9E4A2664E802 /* Debug */,
				E431CDA06F21C85EF394D3E8 /* Release */,
			);
			defaultConfigurationIsVisible = 0;
			defaultConfigurationName = Debug;
		};
/* End XCConfigurationList section */
	};
	rootObject = CAAC94E3732A6AAF04FEB38C /* Project object */;
}
