// !$*UTF8*$!
{
	archiveVersion = 1;
	classes = {
	};
	objectVersion = 77;
	objects = {

/* Begin PBXBuildFile section */
		05E8DCB1DDA4649A58AC558E /* RetakeDecision.swift in Sources */ = {isa = PBXBuildFile; fileRef = 7752C98F1E47175235EBD655 /* RetakeDecision.swift */; };
		06DBB0ADA6CCD80B56ADBB35 /* Token.swift in Sources */ = {isa = PBXBuildFile; fileRef = 7B6CF720533A461BA05151AE /* Token.swift */; };
		06FF95D81903186569952C38 /* RetakeSchema.swift in Sources */ = {isa = PBXBuildFile; fileRef = D49AB073F6882145C85E6FC5 /* RetakeSchema.swift */; };
		09870095123322EA448A24E0 /* Transcribe.swift in Sources */ = {isa = PBXBuildFile; fileRef = 8D6EC81F8F8579D3E0A9B6B0 /* Transcribe.swift */; };
		0C13BB79E4152E237862DE9B /* DropZoneView.swift in Sources */ = {isa = PBXBuildFile; fileRef = D4C1F56CACF123D035D87885 /* DropZoneView.swift */; };
		15DE83482485448CF833F620 /* Ffprobe.swift in Sources */ = {isa = PBXBuildFile; fileRef = F097AD5F5162BC3FD14F7C6F /* Ffprobe.swift */; };
		1AF64DE8C9CDCDA0B28D15A2 /* EditPlan.swift in Sources */ = {isa = PBXBuildFile; fileRef = 9BC8E715862A37E237E77C71 /* EditPlan.swift */; };
		2D4BAE421DD9D3A00584399C /* Sparkle in Frameworks */ = {isa = PBXBuildFile; productRef = 5DB4335738693FFE5D2FB6AC /* Sparkle */; };
		2FB9AD7B43DB7C01736A5E41 /* RenderProgressView.swift in Sources */ = {isa = PBXBuildFile; fileRef = B47C967E3544951CD30DE48C /* RenderProgressView.swift */; };
		2FC4F33DC7145CBDD78B68C3 /* PipelineRunningView.swift in Sources */ = {isa = PBXBuildFile; fileRef = CFF86949977C08C95E4A47D8 /* PipelineRunningView.swift */; };
		37716431DE057787469FDCF1 /* RetakeReviewView.swift in Sources */ = {isa = PBXBuildFile; fileRef = 8BC05C466C65A6998A026B85 /* RetakeReviewView.swift */; };
		3F84C676F28DDAC8D65292E9 /* FirstRunSheet.swift in Sources */ = {isa = PBXBuildFile; fileRef = A3AD1DEEEFF2A71922099C7D /* FirstRunSheet.swift */; };
		4831C3D280BA7166931C5D6B /* AudioPlayer.swift in Sources */ = {isa = PBXBuildFile; fileRef = B70F61A13E399EBFDE6248ED /* AudioPlayer.swift */; };
		5BBD9C3F9AC8638DB338B5A9 /* TranscriptReviewView.swift in Sources */ = {isa = PBXBuildFile; fileRef = 9DD8AEB2C0206F691FB80CC6 /* TranscriptReviewView.swift */; };
		5D55B5CA307CD546F9006D8A /* Whisper.swift in Sources */ = {isa = PBXBuildFile; fileRef = 36884DA2E674A8B042A96C81 /* Whisper.swift */; };
		5F298894914D2EE8B2586965 /* Assets.xcassets in Resources */ = {isa = PBXBuildFile; fileRef = 9E18683F0A838AC7A41E2670 /* Assets.xcassets */; };
		6584CCE7E1E8A345DC5FAD65 /* Theme.swift in Sources */ = {isa = PBXBuildFile; fileRef = 8273AD259A97AAB07980C965 /* Theme.swift */; };
		6A6EE02D359544A9A0A8C8FA /* ContentView.swift in Sources */ = {isa = PBXBuildFile; fileRef = 136DE876CC6D55F5E36CB27E /* ContentView.swift */; };
		6AA394837E405F47859898F5 /* GatewayClient.swift in Sources */ = {isa = PBXBuildFile; fileRef = 97A0D0409C8BCE04CDE84669 /* GatewayClient.swift */; };
		76DDC14E0A28A5957F9A4373 /* EngineSegment.swift in Sources */ = {isa = PBXBuildFile; fileRef = 12D216A32117FEC8AFCEA7E7 /* EngineSegment.swift */; };
		7738C542A60DFF93D68CCC5E /* StepperView.swift in Sources */ = {isa = PBXBuildFile; fileRef = 3C67A6E8E35B5E56565F0380 /* StepperView.swift */; };
		7887305DB0CCDD1F8ADF728D /* CheckForUpdatesView.swift in Sources */ = {isa = PBXBuildFile; fileRef = F7B0C2380ACB6E122C162305 /* CheckForUpdatesView.swift */; };
		78FCFD69DBCD669C0AA40E67 /* ReviewBatch.swift in Sources */ = {isa = PBXBuildFile; fileRef = 923928AF71D086CFB3231CE2 /* ReviewBatch.swift */; };
		7989E2A288206C19942015D5 /* SmartCutApp.swift in Sources */ = {isa = PBXBuildFile; fileRef = 5F8CC15A6C58EBE068391ECC /* SmartCutApp.swift */; };
		8BF17833535746D3E2CE937A /* StatusPanelView.swift in Sources */ = {isa = PBXBuildFile; fileRef = 1DF36BBE15CC86B8D2F49BE8 /* StatusPanelView.swift */; };
		92753C184532C8BF4B87D845 /* CredentialsSettingsView.swift in Sources */ = {isa = PBXBuildFile; fileRef = A2C4B20D4F2FED1E6C423B9D /* CredentialsSettingsView.swift */; };
		9974F4C13EFE9E7BD5104F7E /* Ffmpeg.swift in Sources */ = {isa = PBXBuildFile; fileRef = D0259F83B4FD4E5319FE9A2E /* Ffmpeg.swift */; };
		9AA54DEBA4C529C32F3E9811 /* EngineError.swift in Sources */ = {isa = PBXBuildFile; fileRef = 6C7F6D27E00E0D3F05D105CA /* EngineError.swift */; };
		9F284730B700FA70BF170406 /* RetakeCardView.swift in Sources */ = {isa = PBXBuildFile; fileRef = C368E6771004B5B50DE5ECF0 /* RetakeCardView.swift */; };
		9FD82A26DA6DC05384EAFE73 /* RetakePlanner.swift in Sources */ = {isa = PBXBuildFile; fileRef = 590DDD4968DC7136EC208389 /* RetakePlanner.swift */; };
		A4AFAE38F0493B1A27EA23CA /* SettingsWindow.swift in Sources */ = {isa = PBXBuildFile; fileRef = 377CEA847919A03DC02D4FF7 /* SettingsWindow.swift */; };
		AA5130B2773C74AF4AA8E453 /* PipelineTypes.swift in Sources */ = {isa = PBXBuildFile; fileRef = 6D217934B98A063A15DAF4A9 /* PipelineTypes.swift */; };
		AA5C3A9B53AAD38EF844A88A /* RetakeDetector.swift in Sources */ = {isa = PBXBuildFile; fileRef = CC11176BBE4258D08C60EF0F /* RetakeDetector.swift */; };
		AFF648C1C5833923272F08C4 /* Snap.swift in Sources */ = {isa = PBXBuildFile; fileRef = 09E66F5C0951D6DFB01AC785 /* Snap.swift */; };
		B409E4DCBD357AD0DB6295DA /* CredentialFields.swift in Sources */ = {isa = PBXBuildFile; fileRef = 4DF7EF58D39CC636304891DD /* CredentialFields.swift */; };
		BA9D2D3DFF1741D10187A05A /* TranscriptText.swift in Sources */ = {isa = PBXBuildFile; fileRef = 6BD9FAB72BC1EEA0A7502F04 /* TranscriptText.swift */; };
		BE7335EDAFBA516903D2FBA5 /* DoneView.swift in Sources */ = {isa = PBXBuildFile; fileRef = C86C4064CAD8EF29767A6300 /* DoneView.swift */; };
		C2861E79600C0476B7C04CFB /* PipelineEngine.swift in Sources */ = {isa = PBXBuildFile; fileRef = 4A4D2CB899ABB863A47A27C0 /* PipelineEngine.swift */; };
		C5163B5DF93391F99DEAAE35 /* PipelineEvent.swift in Sources */ = {isa = PBXBuildFile; fileRef = 2673DFA94CEA52C0B8BFA6FA /* PipelineEvent.swift */; };
		CAA2A0620855D18F79DAD56B /* ErrorBanner.swift in Sources */ = {isa = PBXBuildFile; fileRef = FB19F2AE3CA1D9BF1F7D652C /* ErrorBanner.swift */; };
		CCB33F5B3E7BA441FEA94B51 /* DetectionSettingsView.swift in Sources */ = {isa = PBXBuildFile; fileRef = 36B5712EE37BA62DB5863671 /* DetectionSettingsView.swift */; };
		CF20AD1CB0342BD667129E7F /* Formatters.swift in Sources */ = {isa = PBXBuildFile; fileRef = 7946DB038E18ECFB0243C6AE /* Formatters.swift */; };
		D85F532EBFCB17642052E947 /* ProcessRunner.swift in Sources */ = {isa = PBXBuildFile; fileRef = 0B56AF72C021601D58CE4308 /* ProcessRunner.swift */; };
		E26EDA875AC956D1CE0C10B6 /* AppPreferences.swift in Sources */ = {isa = PBXBuildFile; fileRef = 6C11BC5630DD31A257F5DCE2 /* AppPreferences.swift */; };
		E4D130549D1F93776A410906 /* AppConfig.swift in Sources */ = {isa = PBXBuildFile; fileRef = E915790035615ADA9D8CAF25 /* AppConfig.swift */; };
		FE9460F614A63F0DB480FD7F /* OutputSettingsView.swift in Sources */ = {isa = PBXBuildFile; fileRef = 2F90184F21FDA71C6D1F5087 /* OutputSettingsView.swift */; };
		FEDF877023DD7B0F373BFD0A /* AppState.swift in Sources */ = {isa = PBXBuildFile; fileRef = 8772A3944453991B0DEE70B8 /* AppState.swift */; };
/* End PBXBuildFile section */

/* Begin PBXFileReference section */
		09E66F5C0951D6DFB01AC785 /* Snap.swift */ = {isa = PBXFileReference; lastKnownFileType = sourcecode.swift; path = Snap.swift; sourceTree = "<group>"; };
		0B56AF72C021601D58CE4308 /* ProcessRunner.swift */ = {isa = PBXFileReference; lastKnownFileType = sourcecode.swift; path = ProcessRunner.swift; sourceTree = "<group>"; };
		12D216A32117FEC8AFCEA7E7 /* EngineSegment.swift */ = {isa = PBXFileReference; lastKnownFileType = sourcecode.swift; path = EngineSegment.swift; sourceTree = "<group>"; };
		136DE876CC6D55F5E36CB27E /* ContentView.swift */ = {isa = PBXFileReference; lastKnownFileType = sourcecode.swift; path = ContentView.swift; sourceTree = "<group>"; };
		1DF36BBE15CC86B8D2F49BE8 /* StatusPanelView.swift */ = {isa = PBXFileReference; lastKnownFileType = sourcecode.swift; path = StatusPanelView.swift; sourceTree = "<group>"; };
		2673DFA94CEA52C0B8BFA6FA /* PipelineEvent.swift */ = {isa = PBXFileReference; lastKnownFileType = sourcecode.swift; path = PipelineEvent.swift; sourceTree = "<group>"; };
		2F90184F21FDA71C6D1F5087 /* OutputSettingsView.swift */ = {isa = PBXFileReference; lastKnownFileType = sourcecode.swift; path = OutputSettingsView.swift; sourceTree = "<group>"; };
		36884DA2E674A8B042A96C81 /* Whisper.swift */ = {isa = PBXFileReference; lastKnownFileType = sourcecode.swift; path = Whisper.swift; sourceTree = "<group>"; };
		36B5712EE37BA62DB5863671 /* DetectionSettingsView.swift */ = {isa = PBXFileReference; lastKnownFileType = sourcecode.swift; path = DetectionSettingsView.swift; sourceTree = "<group>"; };
		377CEA847919A03DC02D4FF7 /* SettingsWindow.swift */ = {isa = PBXFileReference; lastKnownFileType = sourcecode.swift; path = SettingsWindow.swift; sourceTree = "<group>"; };
		3C67A6E8E35B5E56565F0380 /* StepperView.swift */ = {isa = PBXFileReference; lastKnownFileType = sourcecode.swift; path = StepperView.swift; sourceTree = "<group>"; };
		4A4D2CB899ABB863A47A27C0 /* PipelineEngine.swift */ = {isa = PBXFileReference; lastKnownFileType = sourcecode.swift; path = PipelineEngine.swift; sourceTree = "<group>"; };
		4DF7EF58D39CC636304891DD /* CredentialFields.swift */ = {isa = PBXFileReference; lastKnownFileType = sourcecode.swift; path = CredentialFields.swift; sourceTree = "<group>"; };
		4EF26F4473E5E9C989FDBA2E /* SmartCut.app */ = {isa = PBXFileReference; explicitFileType = wrapper.application; includeInIndex = 0; path = SmartCut.app; sourceTree = BUILT_PRODUCTS_DIR; };
		590DDD4968DC7136EC208389 /* RetakePlanner.swift */ = {isa = PBXFileReference; lastKnownFileType = sourcecode.swift; path = RetakePlanner.swift; sourceTree = "<group>"; };
		5F8CC15A6C58EBE068391ECC /* SmartCutApp.swift */ = {isa = PBXFileReference; lastKnownFileType = sourcecode.swift; path = SmartCutApp.swift; sourceTree = "<group>"; };
		6BD9FAB72BC1EEA0A7502F04 /* TranscriptText.swift */ = {isa = PBXFileReference; lastKnownFileType = sourcecode.swift; path = TranscriptText.swift; sourceTree = "<group>"; };
		6C11BC5630DD31A257F5DCE2 /* AppPreferences.swift */ = {isa = PBXFileReference; lastKnownFileType = sourcecode.swift; path = AppPreferences.swift; sourceTree = "<group>"; };
		6C7F6D27E00E0D3F05D105CA /* EngineError.swift */ = {isa = PBXFileReference; lastKnownFileType = sourcecode.swift; path = EngineError.swift; sourceTree = "<group>"; };
		6D217934B98A063A15DAF4A9 /* PipelineTypes.swift */ = {isa = PBXFileReference; lastKnownFileType = sourcecode.swift; path = PipelineTypes.swift; sourceTree = "<group>"; };
		7752C98F1E47175235EBD655 /* RetakeDecision.swift */ = {isa = PBXFileReference; lastKnownFileType = sourcecode.swift; path = RetakeDecision.swift; sourceTree = "<group>"; };
		7946DB038E18ECFB0243C6AE /* Formatters.swift */ = {isa = PBXFileReference; lastKnownFileType = sourcecode.swift; path = Formatters.swift; sourceTree = "<group>"; };
		7B6CF720533A461BA05151AE /* Token.swift */ = {isa = PBXFileReference; lastKnownFileType = sourcecode.swift; path = Token.swift; sourceTree = "<group>"; };
		8273AD259A97AAB07980C965 /* Theme.swift */ = {isa = PBXFileReference; lastKnownFileType = sourcecode.swift; path = Theme.swift; sourceTree = "<group>"; };
		8772A3944453991B0DEE70B8 /* AppState.swift */ = {isa = PBXFileReference; lastKnownFileType = sourcecode.swift; path = AppState.swift; sourceTree = "<group>"; };
		8BC05C466C65A6998A026B85 /* RetakeReviewView.swift */ = {isa = PBXFileReference; lastKnownFileType = sourcecode.swift; path = RetakeReviewView.swift; sourceTree = "<group>"; };
		8D6EC81F8F8579D3E0A9B6B0 /* Transcribe.swift */ = {isa = PBXFileReference; lastKnownFileType = sourcecode.swift; path = Transcribe.swift; sourceTree = "<group>"; };
		923928AF71D086CFB3231CE2 /* ReviewBatch.swift */ = {isa = PBXFileReference; lastKnownFileType = sourcecode.swift; path = ReviewBatch.swift; sourceTree = "<group>"; };
		97A0D0409C8BCE04CDE84669 /* GatewayClient.swift */ = {isa = PBXFileReference; lastKnownFileType = sourcecode.swift; path = GatewayClient.swift; sourceTree = "<group>"; };
		9BC8E715862A37E237E77C71 /* EditPlan.swift */ = {isa = PBXFileReference; lastKnownFileType = sourcecode.swift; path = EditPlan.swift; sourceTree = "<group>"; };
		9DD8AEB2C0206F691FB80CC6 /* TranscriptReviewView.swift */ = {isa = PBXFileReference; lastKnownFileType = sourcecode.swift; path = TranscriptReviewView.swift; sourceTree = "<group>"; };
		9E18683F0A838AC7A41E2670 /* Assets.xcassets */ = {isa = PBXFileReference; lastKnownFileType = folder.assetcatalog; path = Assets.xcassets; sourceTree = "<group>"; };
		A2C4B20D4F2FED1E6C423B9D /* CredentialsSettingsView.swift */ = {isa = PBXFileReference; lastKnownFileType = sourcecode.swift; path = CredentialsSettingsView.swift; sourceTree = "<group>"; };
		A3AD1DEEEFF2A71922099C7D /* FirstRunSheet.swift */ = {isa = PBXFileReference; lastKnownFileType = sourcecode.swift; path = FirstRunSheet.swift; sourceTree = "<group>"; };
		B47C967E3544951CD30DE48C /* RenderProgressView.swift */ = {isa = PBXFileReference; lastKnownFileType = sourcecode.swift; path = RenderProgressView.swift; sourceTree = "<group>"; };
		B70F61A13E399EBFDE6248ED /* AudioPlayer.swift */ = {isa = PBXFileReference; lastKnownFileType = sourcecode.swift; path = AudioPlayer.swift; sourceTree = "<group>"; };
		C368E6771004B5B50DE5ECF0 /* RetakeCardView.swift */ = {isa = PBXFileReference; lastKnownFileType = sourcecode.swift; path = RetakeCardView.swift; sourceTree = "<group>"; };
		C86C4064CAD8EF29767A6300 /* DoneView.swift */ = {isa = PBXFileReference; lastKnownFileType = sourcecode.swift; path = DoneView.swift; sourceTree = "<group>"; };
		CC11176BBE4258D08C60EF0F /* RetakeDetector.swift */ = {isa = PBXFileReference; lastKnownFileType = sourcecode.swift; path = RetakeDetector.swift; sourceTree = "<group>"; };
		CFF86949977C08C95E4A47D8 /* PipelineRunningView.swift */ = {isa = PBXFileReference; lastKnownFileType = sourcecode.swift; path = PipelineRunningView.swift; sourceTree = "<group>"; };
		D0259F83B4FD4E5319FE9A2E /* Ffmpeg.swift */ = {isa = PBXFileReference; lastKnownFileType = sourcecode.swift; path = Ffmpeg.swift; sourceTree = "<group>"; };
		D49AB073F6882145C85E6FC5 /* RetakeSchema.swift */ = {isa = PBXFileReference; lastKnownFileType = sourcecode.swift; path = RetakeSchema.swift; sourceTree = "<group>"; };
		D4C1F56CACF123D035D87885 /* DropZoneView.swift */ = {isa = PBXFileReference; lastKnownFileType = sourcecode.swift; path = DropZoneView.swift; sourceTree = "<group>"; };
		E915790035615ADA9D8CAF25 /* AppConfig.swift */ = {isa = PBXFileReference; lastKnownFileType = sourcecode.swift; path = AppConfig.swift; sourceTree = "<group>"; };
		F097AD5F5162BC3FD14F7C6F /* Ffprobe.swift */ = {isa = PBXFileReference; lastKnownFileType = sourcecode.swift; path = Ffprobe.swift; sourceTree = "<group>"; };
		F7B0C2380ACB6E122C162305 /* CheckForUpdatesView.swift */ = {isa = PBXFileReference; lastKnownFileType = sourcecode.swift; path = CheckForUpdatesView.swift; sourceTree = "<group>"; };
		FB19F2AE3CA1D9BF1F7D652C /* ErrorBanner.swift */ = {isa = PBXFileReference; lastKnownFileType = sourcecode.swift; path = ErrorBanner.swift; sourceTree = "<group>"; };
/* End PBXFileReference section */

/* Begin PBXFrameworksBuildPhase section */
		29F268D632B540E7C6AE0B1F /* Frameworks */ = {
			isa = PBXFrameworksBuildPhase;
			buildActionMask = 2147483647;
			files = (
				2D4BAE421DD9D3A00584399C /* Sparkle in Frameworks */,
			);
			runOnlyForDeploymentPostprocessing = 0;
		};
/* End PBXFrameworksBuildPhase section */

/* Begin PBXGroup section */
		0BB47474E04F99383D38AECF /* Products */ = {
			isa = PBXGroup;
			children = (
				4EF26F4473E5E9C989FDBA2E /* SmartCut.app */,
			);
			name = Products;
			sourceTree = "<group>";
		};
		230D61E56DB8557B12F76E89 /* Settings */ = {
			isa = PBXGroup;
			children = (
				A2C4B20D4F2FED1E6C423B9D /* CredentialsSettingsView.swift */,
				36B5712EE37BA62DB5863671 /* DetectionSettingsView.swift */,
				2F90184F21FDA71C6D1F5087 /* OutputSettingsView.swift */,
				377CEA847919A03DC02D4FF7 /* SettingsWindow.swift */,
			);
			path = Settings;
			sourceTree = "<group>";
		};
		3614DE194F77C79BF054A744 = {
			isa = PBXGroup;
			children = (
				5153FC5B14DD5F4EE52E32F1 /* SmartCut */,
				0BB47474E04F99383D38AECF /* Products */,
			);
			sourceTree = "<group>";
		};
		5153FC5B14DD5F4EE52E32F1 /* SmartCut */ = {
			isa = PBXGroup;
			children = (
				859D149E374C5C0EC866EA5A /* Engine */,
				D371C16412CC7D23732ADC1E /* Pipeline */,
				B535E0C984BA34DF7783BA7D /* State */,
				F32C68725DF64C7B18214AB0 /* Util */,
				8DF56C041FC26F5F17A46DB0 /* Views */,
				9E18683F0A838AC7A41E2670 /* Assets.xcassets */,
				5F8CC15A6C58EBE068391ECC /* SmartCutApp.swift */,
			);
			path = SmartCut;
			sourceTree = "<group>";
		};
		6770546E9AE9624D308A7125 /* LLM */ = {
			isa = PBXGroup;
			children = (
				97A0D0409C8BCE04CDE84669 /* GatewayClient.swift */,
				CC11176BBE4258D08C60EF0F /* RetakeDetector.swift */,
				590DDD4968DC7136EC208389 /* RetakePlanner.swift */,
				D49AB073F6882145C85E6FC5 /* RetakeSchema.swift */,
			);
			path = LLM;
			sourceTree = "<group>";
		};
		7EFE32C091DFFD7589726D1B /* Sidebar */ = {
			isa = PBXGroup;
			children = (
				1DF36BBE15CC86B8D2F49BE8 /* StatusPanelView.swift */,
				3C67A6E8E35B5E56565F0380 /* StepperView.swift */,
			);
			path = Sidebar;
			sourceTree = "<group>";
		};
		859D149E374C5C0EC866EA5A /* Engine */ = {
			isa = PBXGroup;
			children = (
				6770546E9AE9624D308A7125 /* LLM */,
				FBA8CFC9E30938C532FAAB0B /* Model */,
				B08DF5AB7917AA91DBE65F4A /* Tools */,
				6C7F6D27E00E0D3F05D105CA /* EngineError.swift */,
				4A4D2CB899ABB863A47A27C0 /* PipelineEngine.swift */,
				0B56AF72C021601D58CE4308 /* ProcessRunner.swift */,
				923928AF71D086CFB3231CE2 /* ReviewBatch.swift */,
				8D6EC81F8F8579D3E0A9B6B0 /* Transcribe.swift */,
			);
			path = Engine;
			sourceTree = "<group>";
		};
		8DF56C041FC26F5F17A46DB0 /* Views */ = {
			isa = PBXGroup;
			children = (
				230D61E56DB8557B12F76E89 /* Settings */,
				7EFE32C091DFFD7589726D1B /* Sidebar */,
				136DE876CC6D55F5E36CB27E /* ContentView.swift */,
				4DF7EF58D39CC636304891DD /* CredentialFields.swift */,
				C86C4064CAD8EF29767A6300 /* DoneView.swift */,
				D4C1F56CACF123D035D87885 /* DropZoneView.swift */,
				FB19F2AE3CA1D9BF1F7D652C /* ErrorBanner.swift */,
				A3AD1DEEEFF2A71922099C7D /* FirstRunSheet.swift */,
				CFF86949977C08C95E4A47D8 /* PipelineRunningView.swift */,
				B47C967E3544951CD30DE48C /* RenderProgressView.swift */,
				C368E6771004B5B50DE5ECF0 /* RetakeCardView.swift */,
				8BC05C466C65A6998A026B85 /* RetakeReviewView.swift */,
				9DD8AEB2C0206F691FB80CC6 /* TranscriptReviewView.swift */,
			);
			path = Views;
			sourceTree = "<group>";
		};
		B08DF5AB7917AA91DBE65F4A /* Tools */ = {
			isa = PBXGroup;
			children = (
				D0259F83B4FD4E5319FE9A2E /* Ffmpeg.swift */,
				F097AD5F5162BC3FD14F7C6F /* Ffprobe.swift */,
				36884DA2E674A8B042A96C81 /* Whisper.swift */,
			);
			path = Tools;
			sourceTree = "<group>";
		};
		B535E0C984BA34DF7783BA7D /* State */ = {
			isa = PBXGroup;
			children = (
				E915790035615ADA9D8CAF25 /* AppConfig.swift */,
				6C11BC5630DD31A257F5DCE2 /* AppPreferences.swift */,
				8772A3944453991B0DEE70B8 /* AppState.swift */,
			);
			path = State;
			sourceTree = "<group>";
		};
		D371C16412CC7D23732ADC1E /* Pipeline */ = {
			isa = PBXGroup;
			children = (
				2673DFA94CEA52C0B8BFA6FA /* PipelineEvent.swift */,
				6D217934B98A063A15DAF4A9 /* PipelineTypes.swift */,
				7752C98F1E47175235EBD655 /* RetakeDecision.swift */,
			);
			path = Pipeline;
			sourceTree = "<group>";
		};
		F32C68725DF64C7B18214AB0 /* Util */ = {
			isa = PBXGroup;
			children = (
				B70F61A13E399EBFDE6248ED /* AudioPlayer.swift */,
				F7B0C2380ACB6E122C162305 /* CheckForUpdatesView.swift */,
				7946DB038E18ECFB0243C6AE /* Formatters.swift */,
				8273AD259A97AAB07980C965 /* Theme.swift */,
			);
			path = Util;
			sourceTree = "<group>";
		};
		FBA8CFC9E30938C532FAAB0B /* Model */ = {
			isa = PBXGroup;
			children = (
				9BC8E715862A37E237E77C71 /* EditPlan.swift */,
				12D216A32117FEC8AFCEA7E7 /* EngineSegment.swift */,
				09E66F5C0951D6DFB01AC785 /* Snap.swift */,
				7B6CF720533A461BA05151AE /* Token.swift */,
				6BD9FAB72BC1EEA0A7502F04 /* TranscriptText.swift */,
			);
			path = Model;
			sourceTree = "<group>";
		};
/* End PBXGroup section */

/* Begin PBXNativeTarget section */
		207C552C81A3FEECAF19B590 /* SmartCut */ = {
			isa = PBXNativeTarget;
			buildConfigurationList = 9497004C36281998C7BE9588 /* Build configuration list for PBXNativeTarget "SmartCut" */;
			buildPhases = (
				4A4292379FC08A53A5E844C5 /* Sources */,
				CB05FFAC5853D50BAB136A3C /* Resources */,
				29F268D632B540E7C6AE0B1F /* Frameworks */,
			);
			buildRules = (
			);
			dependencies = (
			);
			name = SmartCut;
			packageProductDependencies = (
				5DB4335738693FFE5D2FB6AC /* Sparkle */,
			);
			productName = SmartCut;
			productReference = 4EF26F4473E5E9C989FDBA2E /* SmartCut.app */;
			productType = "com.apple.product-type.application";
		};
/* End PBXNativeTarget section */

/* Begin PBXProject section */
		CAAC94E3732A6AAF04FEB38C /* Project object */ = {
			isa = PBXProject;
			attributes = {
				BuildIndependentTargetsInParallel = YES;
				LastUpgradeCheck = 1430;
				TargetAttributes = {
					207C552C81A3FEECAF19B590 = {
						DevelopmentTeam = "";
					};
				};
			};
			buildConfigurationList = 13057A72335E9CE120C93DF7 /* Build configuration list for PBXProject "SmartCut" */;
			developmentRegion = en;
			hasScannedForEncodings = 0;
			knownRegions = (
				Base,
				en,
			);
			mainGroup = 3614DE194F77C79BF054A744;
			minimizedProjectReferenceProxies = 1;
			packageReferences = (
				E5DBCCC1C568DB47602B7E63 /* XCRemoteSwiftPackageReference "Sparkle" */,
			);
			preferredProjectObjectVersion = 77;
			productRefGroup = 0BB47474E04F99383D38AECF /* Products */;
			projectDirPath = "";
			projectRoot = "";
			targets = (
				207C552C81A3FEECAF19B590 /* SmartCut */,
			);
		};
/* End PBXProject section */

/* Begin PBXResourcesBuildPhase section */
		CB05FFAC5853D50BAB136A3C /* Resources */ = {
			isa = PBXResourcesBuildPhase;
			buildActionMask = 2147483647;
			files = (
				5F298894914D2EE8B2586965 /* Assets.xcassets in Resources */,
			);
			runOnlyForDeploymentPostprocessing = 0;
		};
/* End PBXResourcesBuildPhase section */

/* Begin PBXSourcesBuildPhase section */
		4A4292379FC08A53A5E844C5 /* Sources */ = {
			isa = PBXSourcesBuildPhase;
			buildActionMask = 2147483647;
			files = (
				E4D130549D1F93776A410906 /* AppConfig.swift in Sources */,
				E26EDA875AC956D1CE0C10B6 /* AppPreferences.swift in Sources */,
				FEDF877023DD7B0F373BFD0A /* AppState.swift in Sources */,
				4831C3D280BA7166931C5D6B /* AudioPlayer.swift in Sources */,
				7887305DB0CCDD1F8ADF728D /* CheckForUpdatesView.swift in Sources */,
				6A6EE02D359544A9A0A8C8FA /* ContentView.swift in Sources */,
				B409E4DCBD357AD0DB6295DA /* CredentialFields.swift in Sources */,
				92753C184532C8BF4B87D845 /* CredentialsSettingsView.swift in Sources */,
				CCB33F5B3E7BA441FEA94B51 /* DetectionSettingsView.swift in Sources */,
				BE7335EDAFBA516903D2FBA5 /* DoneView.swift in Sources */,
				0C13BB79E4152E237862DE9B /* DropZoneView.swift in Sources */,
				1AF64DE8C9CDCDA0B28D15A2 /* EditPlan.swift in Sources */,
				9AA54DEBA4C529C32F3E9811 /* EngineError.swift in Sources */,
				76DDC14E0A28A5957F9A4373 /* EngineSegment.swift in Sources */,
				CAA2A0620855D18F79DAD56B /* ErrorBanner.swift in Sources */,
				9974F4C13EFE9E7BD5104F7E /* Ffmpeg.swift in Sources */,
				15DE83482485448CF833F620 /* Ffprobe.swift in Sources */,
				3F84C676F28DDAC8D65292E9 /* FirstRunSheet.swift in Sources */,
				CF20AD1CB0342BD667129E7F /* Formatters.swift in Sources */,
				6AA394837E405F47859898F5 /* GatewayClient.swift in Sources */,
				FE9460F614A63F0DB480FD7F /* OutputSettingsView.swift in Sources */,
				C2861E79600C0476B7C04CFB /* PipelineEngine.swift in Sources */,
				C5163B5DF93391F99DEAAE35 /* PipelineEvent.swift in Sources */,
				2FC4F33DC7145CBDD78B68C3 /* PipelineRunningView.swift in Sources */,
				AA5130B2773C74AF4AA8E453 /* PipelineTypes.swift in Sources */,
				D85F532EBFCB17642052E947 /* ProcessRunner.swift in Sources */,
				2FB9AD7B43DB7C01736A5E41 /* RenderProgressView.swift in Sources */,
				9F284730B700FA70BF170406 /* RetakeCardView.swift in Sources */,
				05E8DCB1DDA4649A58AC558E /* RetakeDecision.swift in Sources */,
				AA5C3A9B53AAD38EF844A88A /* RetakeDetector.swift in Sources */,
				9FD82A26DA6DC05384EAFE73 /* RetakePlanner.swift in Sources */,
				37716431DE057787469FDCF1 /* RetakeReviewView.swift in Sources */,
				06FF95D81903186569952C38 /* RetakeSchema.swift in Sources */,
				78FCFD69DBCD669C0AA40E67 /* ReviewBatch.swift in Sources */,
				A4AFAE38F0493B1A27EA23CA /* SettingsWindow.swift in Sources */,
				7989E2A288206C19942015D5 /* SmartCutApp.swift in Sources */,
				AFF648C1C5833923272F08C4 /* Snap.swift in Sources */,
				8BF17833535746D3E2CE937A /* StatusPanelView.swift in Sources */,
				7738C542A60DFF93D68CCC5E /* StepperView.swift in Sources */,
				6584CCE7E1E8A345DC5FAD65 /* Theme.swift in Sources */,
				06DBB0ADA6CCD80B56ADBB35 /* Token.swift in Sources */,
				09870095123322EA448A24E0 /* Transcribe.swift in Sources */,
				5BBD9C3F9AC8638DB338B5A9 /* TranscriptReviewView.swift in Sources */,
				BA9D2D3DFF1741D10187A05A /* TranscriptText.swift in Sources */,
				5D55B5CA307CD546F9006D8A /* Whisper.swift in Sources */,
			);
			runOnlyForDeploymentPostprocessing = 0;
		};
/* End PBXSourcesBuildPhase section */

/* Begin XCBuildConfiguration section */
		031379B83F7AEBAA1FCFE672 /* Release */ = {
			isa = XCBuildConfiguration;
			buildSettings = {
				ALWAYS_SEARCH_USER_PATHS = NO;
				CLANG_ANALYZER_NONNULL = YES;
				CLANG_ANALYZER_NUMBER_OBJECT_CONVERSION = YES_AGGRESSIVE;
				CLANG_CXX_LANGUAGE_STANDARD = "gnu++14";
				CLANG_CXX_LIBRARY = "libc++";
				CLANG_ENABLE_MODULES = YES;
				CLANG_ENABLE_OBJC_ARC = YES;
				CLANG_ENABLE_OBJC_WEAK = YES;
				CLANG_WARN_BLOCK_CAPTURE_AUTORELEASING = YES;
				CLANG_WARN_BOOL_CONVERSION = YES;
				CLANG_WARN_COMMA = YES;
				CLANG_WARN_CONSTANT_CONVERSION = YES;
				CLANG_WARN_DEPRECATED_OBJC_IMPLEMENTATIONS = YES;
				CLANG_WARN_DIRECT_OBJC_ISA_USAGE = YES_ERROR;
				CLANG_WARN_DOCUMENTATION_COMMENTS = YES;
				CLANG_WARN_EMPTY_BODY = YES;
				CLANG_WARN_ENUM_CONVERSION = YES;
				CLANG_WARN_INFINITE_RECURSION = YES;
				CLANG_WARN_INT_CONVERSION = YES;
				CLANG_WARN_NON_LITERAL_NULL_CONVERSION = YES;
				CLANG_WARN_OBJC_IMPLICIT_RETAIN_SELF = YES;
				CLANG_WARN_OBJC_LITERAL_CONVERSION = YES;
				CLANG_WARN_OBJC_ROOT_CLASS = YES_ERROR;
				CLANG_WARN_QUOTED_INCLUDE_IN_FRAMEWORK_HEADER = YES;
				CLANG_WARN_RANGE_LOOP_ANALYSIS = YES;
				CLANG_WARN_STRICT_PROTOTYPES = YES;
				CLANG_WARN_SUSPICIOUS_MOVE = YES;
				CLANG_WARN_UNGUARDED_AVAILABILITY = YES_AGGRESSIVE;
				CLANG_WARN_UNREACHABLE_CODE = YES;
				CLANG_WARN__DUPLICATE_METHOD_MATCH = YES;
				CODE_SIGNING_ALLOWED = YES;
				CODE_SIGNING_REQUIRED = YES;
				CODE_SIGN_IDENTITY = "Developer ID Application";
				CODE_SIGN_STYLE = Manual;
				COPY_PHASE_STRIP = NO;
				DEBUG_INFORMATION_FORMAT = "dwarf-with-dsym";
				ENABLE_HARDENED_RUNTIME = YES;
				ENABLE_NS_ASSERTIONS = NO;
				ENABLE_STRICT_OBJC_MSGSEND = YES;
				ENABLE_USER_SCRIPT_SANDBOXING = NO;
				GCC_C_LANGUAGE_STANDARD = gnu11;
				GCC_NO_COMMON_BLOCKS = YES;
				GCC_WARN_64_TO_32_BIT_CONVERSION = YES;
				GCC_WARN_ABOUT_RETURN_TYPE = YES_ERROR;
				GCC_WARN_UNDECLARED_SELECTOR = YES;
				GCC_WARN_UNINITIALIZED_AUTOS = YES_AGGRESSIVE;
				GCC_WARN_UNUSED_FUNCTION = YES;
				GCC_WARN_UNUSED_VARIABLE = YES;
				MACOSX_DEPLOYMENT_TARGET = 14.0;
				MTL_ENABLE_DEBUG_INFO = NO;
				MTL_FAST_MATH = YES;
				PRODUCT_NAME = "$(TARGET_NAME)";
				SDKROOT = macosx;
				SWIFT_COMPILATION_MODE = wholemodule;
				SWIFT_OPTIMIZATION_LEVEL = "-O";
				SWIFT_VERSION = 5.10;
			};
			name = Release;
		};
		3BCAB5B145AE8BFEC784CCBF /* Debug */ = {
			isa = XCBuildConfiguration;
			buildSettings = {
				ALWAYS_SEARCH_USER_PATHS = NO;
				CLANG_ANALYZER_NONNULL = YES;
				CLANG_ANALYZER_NUMBER_OBJECT_CONVERSION = YES_AGGRESSIVE;
				CLANG_CXX_LANGUAGE_STANDARD = "gnu++14";
				CLANG_CXX_LIBRARY = "libc++";
				CLANG_ENABLE_MODULES = YES;
				CLANG_ENABLE_OBJC_ARC = YES;
				CLANG_ENABLE_OBJC_WEAK = YES;
				CLANG_WARN_BLOCK_CAPTURE_AUTORELEASING = YES;
				CLANG_WARN_BOOL_CONVERSION = YES;
				CLANG_WARN_COMMA = YES;
				CLANG_WARN_CONSTANT_CONVERSION = YES;
				CLANG_WARN_DEPRECATED_OBJC_IMPLEMENTATIONS = YES;
				CLANG_WARN_DIRECT_OBJC_ISA_USAGE = YES_ERROR;
				CLANG_WARN_DOCUMENTATION_COMMENTS = YES;
				CLANG_WARN_EMPTY_BODY = YES;
				CLANG_WARN_ENUM_CONVERSION = YES;
				CLANG_WARN_INFINITE_RECURSION = YES;
				CLANG_WARN_INT_CONVERSION = YES;
				CLANG_WARN_NON_LITERAL_NULL_CONVERSION = YES;
				CLANG_WARN_OBJC_IMPLICIT_RETAIN_SELF = YES;
				CLANG_WARN_OBJC_LITERAL_CONVERSION = YES;
				CLANG_WARN_OBJC_ROOT_CLASS = YES_ERROR;
				CLANG_WARN_QUOTED_INCLUDE_IN_FRAMEWORK_HEADER = YES;
				CLANG_WARN_RANGE_LOOP_ANALYSIS = YES;
				CLANG_WARN_STRICT_PROTOTYPES = YES;
				CLANG_WARN_SUSPICIOUS_MOVE = YES;
				CLANG_WARN_UNGUARDED_AVAILABILITY = YES_AGGRESSIVE;
				CLANG_WARN_UNREACHABLE_CODE = YES;
				CLANG_WARN__DUPLICATE_METHOD_MATCH = YES;
				CODE_SIGNING_ALLOWED = NO;
				CODE_SIGNING_REQUIRED = NO;
				CODE_SIGN_IDENTITY = "-";
				CODE_SIGN_STYLE = Automatic;
				COPY_PHASE_STRIP = NO;
				DEBUG_INFORMATION_FORMAT = dwarf;
				ENABLE_HARDENED_RUNTIME = NO;
				ENABLE_STRICT_OBJC_MSGSEND = YES;
				ENABLE_TESTABILITY = YES;
				ENABLE_USER_SCRIPT_SANDBOXING = NO;
				GCC_C_LANGUAGE_STANDARD = gnu11;
				GCC_DYNAMIC_NO_PIC = NO;
				GCC_NO_COMMON_BLOCKS = YES;
				GCC_OPTIMIZATION_LEVEL = 0;
				GCC_PREPROCESSOR_DEFINITIONS = (
					"$(inherited)",
					"DEBUG=1",
				);
				GCC_WARN_64_TO_32_BIT_CONVERSION = YES;
				GCC_WARN_ABOUT_RETURN_TYPE = YES_ERROR;
				GCC_WARN_UNDECLARED_SELECTOR = YES;
				GCC_WARN_UNINITIALIZED_AUTOS = YES_AGGRESSIVE;
				GCC_WARN_UNUSED_FUNCTION = YES;
				GCC_WARN_UNUSED_VARIABLE = YES;
				MACOSX_DEPLOYMENT_TARGET = 14.0;
				MTL_ENABLE_DEBUG_INFO = INCLUDE_SOURCE;
				MTL_FAST_MATH = YES;
				ONLY_ACTIVE_ARCH = YES;
				PRODUCT_NAME = "$(TARGET_NAME)";
				SDKROOT = macosx;
				SWIFT_ACTIVE_COMPILATION_CONDITIONS = DEBUG;
				SWIFT_OPTIMIZATION_LEVEL = "-Onone";
				SWIFT_VERSION = 5.10;
			};
			name = Debug;
		};
		4199F06D1E8E9E4A2664E802 /* Debug */ = {
			isa = XCBuildConfiguration;
			buildSettings = {
				ASSETCATALOG_COMPILER_APPICON_NAME = AppIcon;
				ASSETCATALOG_COMPILER_GLOBAL_ACCENT_COLOR_NAME = AccentColor;
				CODE_SIGN_ENTITLEMENTS = SmartCut/SmartCut.entitlements;
				COMBINE_HIDPI_IMAGES = YES;
				DEVELOPMENT_TEAM = "";
				ENABLE_PREVIEWS = YES;
				GENERATE_INFOPLIST_FILE = NO;
				INFOPLIST_FILE = SmartCut/Info.plist;
				LD_RUNPATH_SEARCH_PATHS = (
					"$(inherited)",
					"@executable_path/../Frameworks",
				);
				MACOSX_DEPLOYMENT_TARGET = 14.0;
				PRODUCT_BUNDLE_IDENTIFIER = dev.jamesqquick.smartcut;
				SDKROOT = macosx;
			};
			name = Debug;
		};
		E431CDA06F21C85EF394D3E8 /* Release */ = {
			isa = XCBuildConfiguration;
			buildSettings = {
				ASSETCATALOG_COMPILER_APPICON_NAME = AppIcon;
				ASSETCATALOG_COMPILER_GLOBAL_ACCENT_COLOR_NAME = AccentColor;
				CODE_SIGN_ENTITLEMENTS = SmartCut/SmartCut.entitlements;
				COMBINE_HIDPI_IMAGES = YES;
				DEVELOPMENT_TEAM = "";
				ENABLE_PREVIEWS = YES;
				GENERATE_INFOPLIST_FILE = NO;
				INFOPLIST_FILE = SmartCut/Info.plist;
				LD_RUNPATH_SEARCH_PATHS = (
					"$(inherited)",
					"@executable_path/../Frameworks",
				);
				MACOSX_DEPLOYMENT_TARGET = 14.0;
				PRODUCT_BUNDLE_IDENTIFIER = dev.jamesqquick.smartcut;
				SDKROOT = macosx;
			};
			name = Release;
		};
/* End XCBuildConfiguration section */

/* Begin XCConfigurationList section */
		13057A72335E9CE120C93DF7 /* Build configuration list for PBXProject "SmartCut" */ = {
			isa = XCConfigurationList;
			buildConfigurations = (
				3BCAB5B145AE8BFEC784CCBF /* Debug */,
				031379B83F7AEBAA1FCFE672 /* Release */,
			);
			defaultConfigurationIsVisible = 0;
			defaultConfigurationName = Debug;
		};
		9497004C36281998C7BE9588 /* Build configuration list for PBXNativeTarget "SmartCut" */ = {
			isa = XCConfigurationList;
			buildConfigurations = (
				4199F06D1E8E9E4A2664E802 /* Debug */,
				E431CDA06F21C85EF394D3E8 /* Release */,
			);
			defaultConfigurationIsVisible = 0;
			defaultConfigurationName = Debug;
		};
/* End XCConfigurationList section */

/* Begin XCRemoteSwiftPackageReference section */
		E5DBCCC1C568DB47602B7E63 /* XCRemoteSwiftPackageReference "Sparkle" */ = {
			isa = XCRemoteSwiftPackageReference;
			repositoryURL = "https://github.com/sparkle-project/Sparkle";
			requirement = {
				kind = upToNextMajorVersion;
				minimumVersion = 2.0.0;
			};
		};
/* End XCRemoteSwiftPackageReference section */

/* Begin XCSwiftPackageProductDependency section */
		5DB4335738693FFE5D2FB6AC /* Sparkle */ = {
			isa = XCSwiftPackageProductDependency;
			package = E5DBCCC1C568DB47602B7E63 /* XCRemoteSwiftPackageReference "Sparkle" */;
			productName = Sparkle;
		};
/* End XCSwiftPackageProductDependency section */
	};
	rootObject = CAAC94E3732A6AAF04FEB38C /* Project object */;
}
